{
  "nodes": {
    "dotacat": {
      "flake": false,
      "locked": {
        "lastModified": 1674819296,
        "narHash": "sha256-y+u9PO01W+IzBatGHZpgOD7cRKjdeuy4/VX7/V9cu3Q=",
        "ref": "refs/heads/master",
        "rev": "f3b7e7816bed6b84123e066c57cf4003d77a85f1",
        "revCount": 31,
        "type": "git",
        "url": "https://gitlab.scd31.com/stephen/dotacat.git"
      },
      "original": {
        "type": "git",
        "url": "https://gitlab.scd31.com/stephen/dotacat.git"
      }
    },
    "fast-syntax-highlighting": {
      "flake": false,
      "locked": {
        "lastModified": 1701776693,
        "narHash": "sha256-v/aIJKuHPnL0pIIp/T7VuanktmPU3vrB6T/K5Qn5m7Q=",
        "owner": "z-shell",
        "repo": "F-Sy-H",
        "rev": "b8d6fd70007817399f9c71d6c6054cf461a4fc64",
        "type": "github"
      },
      "original": {
        "owner": "z-shell",
        "repo": "F-Sy-H",
        "type": "github"
      }
    },
    "flake-utils": {
      "inputs": {
        "systems": "systems"
      },
      "locked": {
        "lastModified": 1701680307,
        "narHash": "sha256-kAuep2h5ajznlPMD9rnQyffWG8EM/C73lejGofXvdM8=",
        "owner": "numtide",
        "repo": "flake-utils",
        "rev": "4022d587cbbfd70fe950c1e2083a02621806a725",
        "type": "github"
      },
      "original": {
        "owner": "numtide",
        "repo": "flake-utils",
        "type": "github"
      }
    },
    "naersk": {
      "inputs": {
        "nixpkgs": "nixpkgs"
      },
      "locked": {
        "lastModified": 1698420672,
        "narHash": "sha256-/TdeHMPRjjdJub7p7+w55vyABrsJlt5QkznPYy55vKA=",
        "owner": "nix-community",
        "repo": "naersk",
        "rev": "aeb58d5e8faead8980a807c840232697982d47b9",
        "type": "github"
      },
      "original": {
        "owner": "nix-community",
        "repo": "naersk",
        "type": "github"
      }
    },
    "nixpkgs": {
      "locked": {
        "lastModified": 1702539185,
        "narHash": "sha256-KnIRG5NMdLIpEkZTnN5zovNYc0hhXjAgv6pfd5Z4c7U=",
        "owner": "NixOS",
        "repo": "nixpkgs",
        "rev": "aa9d4729cbc99dabacb50e3994dcefb3ea0f7447",
        "type": "github"
      },
      "original": {
        "id": "nixpkgs",
        "type": "indirect"
      }
    },
    "nixpkgs_2": {
      "locked": {
        "lastModified": 1702312524,
        "narHash": "sha256-gkZJRDBUCpTPBvQk25G0B7vfbpEYM5s5OZqghkjZsnE=",
        "owner": "nixos",
        "repo": "nixpkgs",
        "rev": "a9bf124c46ef298113270b1f84a164865987a91c",
        "type": "github"
      },
      "original": {
        "owner": "nixos",
        "ref": "nixos-unstable",
        "repo": "nixpkgs",
        "type": "github"
      }
    },
    "powerlevel10k": {
      "flake": false,
      "locked": {
        "lastModified": 1702206900,
        "narHash": "sha256-gPsOB2JaBZzISLvp2pY+1g0J9aLaGLJXszAc4u3Ih+k=",
        "owner": "romkatv",
        "repo": "powerlevel10k",
        "rev": "d70eedb345a9cc54b4f3e9ae09b0dbbb4edc9a39",
        "type": "github"
      },
      "original": {
        "owner": "romkatv",
        "repo": "powerlevel10k",
        "type": "github"
      }
    },
    "root": {
      "inputs": {
        "dotacat": "dotacat",
        "fast-syntax-highlighting": "fast-syntax-highlighting",
        "flake-utils": "flake-utils",
        "naersk": "naersk",
        "nixpkgs": "nixpkgs_2",
        "powerlevel10k": "powerlevel10k",
        "zsh-nix-shell": "zsh-nix-shell"
      }
    },
    "systems": {
      "locked": {
        "lastModified": 1681028828,
        "narHash": "sha256-Vy1rq5AaRuLzOxct8nz4T6wlgyUR7zLU309k9mBC768=",
        "owner": "nix-systems",
        "repo": "default",
        "rev": "da67096a3b9bf56a91d16901293e51ba5b49a27e",
        "type": "github"
      },
      "original": {
        "owner": "nix-systems",
        "repo": "default",
        "type": "github"
      }
    },
    "zsh-nix-shell": {
      "flake": false,
      "locked": {
        "lastModified": 1693571504,
        "narHash": "sha256-dE86o8LfEfswIIP9r0BJpxWvkoYdu7VQcJOKTLYqtWs=",
        "owner": "chisui",
        "repo": "zsh-nix-shell",
        "rev": "406ce293f5302fdebca56f8c59ec615743260604",
        "type": "github"
      },
      "original": {
        "owner": "chisui",
        "repo": "zsh-nix-shell",
        "type": "github"
      }
    }
  },
  "root": "root",
  "version": 7
}
